
Microsoft Visual Studio Solution File, Format Version 12.00
# Visual Studio Version 17
VisualStudioVersion = 17.14.36109.1 d17.14
MinimumVisualStudioVersion = 10.0.40219.1
Project("{FAE04EC0-301F-11D3-BF4B-00C04F79EFBC}") = "ProductApp.Application", "ProductApp.Application\ProductApp.Application.csproj", "{F8AA34FC-470E-47D3-997C-041C2D6813F2}"
EndProject
Project("{FAE04EC0-301F-11D3-BF4B-00C04F79EFBC}") = "ProductApp.Domain", "ProductApp.Domain\ProductApp.Domain.csproj", "{DC68B428-FE3D-451D-B7E4-41DA6A94306C}"
EndProject
Project("{FAE04EC0-301F-11D3-BF4B-00C04F79EFBC}") = "ProductApp.Infrastructure", "ProductApp.Infrastructure\ProductApp.Infrastructure.csproj", "{DC146A86-93EF-4688-8758-BECFECD697E0}"
EndProject
Project("{FAE04EC0-301F-11D3-BF4B-00C04F79EFBC}") = "ProductApp.Api", "ProductApp.Api\ProductApp.Api.csproj", "{76E4437E-2323-421A-A4BC-3B71D3DE7BE5}"
EndProject
Global
	GlobalSection(SolutionConfigurationPlatforms) = preSolution
		Debug|Any CPU = Debug|Any CPU
		Release|Any CPU = Release|Any CPU
	EndGlobalSection
	GlobalSection(ProjectConfigurationPlatforms) = postSolution
		{F8AA34FC-470E-47D3-997C-041C2D6813F2}.Debug|Any CPU.ActiveCfg = Debug|Any CPU
		{F8AA34FC-470E-47D3-997C-041C2D6813F2}.Debug|Any CPU.Build.0 = Debug|Any CPU
		{F8AA34FC-470E-47D3-997C-041C2D6813F2}.Release|Any CPU.ActiveCfg = Release|Any CPU
		{F8AA34FC-470E-47D3-997C-041C2D6813F2}.Release|Any CPU.Build.0 = Release|Any CPU
		{DC68B428-FE3D-451D-B7E4-41DA6A94306C}.Debug|Any CPU.ActiveCfg = Debug|Any CPU
		{DC68B428-FE3D-451D-B7E4-41DA6A94306C}.Debug|Any CPU.Build.0 = Debug|Any CPU
		{DC68B428-FE3D-451D-B7E4-41DA6A94306C}.Release|Any CPU.ActiveCfg = Release|Any CPU
		{DC68B428-FE3D-451D-B7E4-41DA6A94306C}.Release|Any CPU.Build.0 = Release|Any CPU
		{DC146A86-93EF-4688-8758-BECFECD697E0}.Debug|Any CPU.ActiveCfg = Debug|Any CPU
		{DC146A86-93EF-4688-8758-BECFECD697E0}.Debug|Any CPU.Build.0 = Debug|Any CPU
		{DC146A86-93EF-4688-8758-BECFECD697E0}.Release|Any CPU.ActiveCfg = Release|Any CPU
		{DC146A86-93EF-4688-8758-BECFECD697E0}.Release|Any CPU.Build.0 = Release|Any CPU
		{76E4437E-2323-421A-A4BC-3B71D3DE7BE5}.Debug|Any CPU.ActiveCfg = Debug|Any CPU
		{76E4437E-2323-421A-A4BC-3B71D3DE7BE5}.Debug|Any CPU.Build.0 = Debug|Any CPU
		{76E4437E-2323-421A-A4BC-3B71D3DE7BE5}.Release|Any CPU.ActiveCfg = Release|Any CPU
		{76E4437E-2323-421A-A4BC-3B71D3DE7BE5}.Release|Any CPU.Build.0 = Release|Any CPU
	EndGlobalSection
	GlobalSection(SolutionProperties) = preSolution
		HideSolutionNode = FALSE
	EndGlobalSection
	GlobalSection(ExtensibilityGlobals) = postSolution
		SolutionGuid = {21AB7D51-FFB0-4567-91AC-FD7DE8D43FB3}
	EndGlobalSection
EndGlobal
